
Microsoft Visual Studio Solution File, Format Version 12.00
# Visual Studio Version 16
VisualStudioVersion = 16.0.29001.49
MinimumVisualStudioVersion = 10.0.40219.1
Project("{8BC9CEB8-8B4A-11D0-8D11-00A0C91BC942}") = "array", "array.vcxproj", "{282D093B-71DB-4654-8509-0880EDF23488}"
EndProject
Global
	GlobalSection(SolutionConfigurationPlatforms) = preSolution
		Debug|x64 = Debug|x64
		Release|x64 = Release|x64
	EndGlobalSection
	GlobalSection(ProjectConfigurationPlatforms) = postSolution
		{282D093B-71DB-4654-8509-0880EDF23488}.Debug|x64.ActiveCfg = Debug|x64
		{282D093B-71DB-4654-8509-0880EDF23488}.Debug|x64.Build.0 = Debug|x64
		{282D093B-71DB-4654-8509-0880EDF23488}.Release|x64.ActiveCfg = Release|x64
		{282D093B-71DB-4654-8509-0880EDF23488}.Release|x64.Build.0 = Release|x64
	EndGlobalSection
	GlobalSection(SolutionProperties) = preSolution
		HideSolutionNode = FALSE
	EndGlobalSection
	GlobalSection(ExtensibilityGlobals) = postSolution
		SolutionGuid = {8E7F192F-73B7-41A3-B46F-B240141F212D}
	EndGlobalSection
EndGlobal
